// !$*UTF8*$!
{
	archiveVersion = 1;
	classes = {
	};
	objectVersion = 46;
	objects = {

/* Begin PBXBuildFile section */
		751500DF1BF2979A00680714 /* GithubAPI.swift in Sources */ = {isa = PBXBuildFile; fileRef = 751500DE1BF2979A00680714 /* GithubAPI.swift */; };
		751500E11BF2989A00680714 /* Siesta+SwiftyJSON.swift in Sources */ = {isa = PBXBuildFile; fileRef = 751500E01BF2989A00680714 /* Siesta+SwiftyJSON.swift */; };
		751500E51BF2A0EF00680714 /* Siesta+ModelContentAccessors.swift in Sources */ = {isa = PBXBuildFile; fileRef = 751500E41BF2A0EF00680714 /* Siesta+ModelContentAccessors.swift */; };
		75B17C181BF28C92009895E6 /* TableViewController.swift in Sources */ = {isa = PBXBuildFile; fileRef = 75B17C161BF28C92009895E6 /* TableViewController.swift */; };
		75B17C191BF28C92009895E6 /* DetailViewController.swift in Sources */ = {isa = PBXBuildFile; fileRef = 75B17C171BF28C92009895E6 /* DetailViewController.swift */; };
		75B17C1B1BF28D40009895E6 /* GitHubAPI.swift in Sources */ = {isa = PBXBuildFile; fileRef = 75B17C1A1BF28D40009895E6 /* GitHubAPI.swift */; };
		75D980EE1BF286FD004C938A /* AppDelegate.swift in Sources */ = {isa = PBXBuildFile; fileRef = 75D980ED1BF286FD004C938A /* AppDelegate.swift */; };
		75D980F31BF286FD004C938A /* Main.storyboard in Resources */ = {isa = PBXBuildFile; fileRef = 75D980F11BF286FD004C938A /* Main.storyboard */; };
		75D980F51BF286FD004C938A /* Assets.xcassets in Resources */ = {isa = PBXBuildFile; fileRef = 75D980F41BF286FD004C938A /* Assets.xcassets */; };
		75D980F81BF286FD004C938A /* LaunchScreen.storyboard in Resources */ = {isa = PBXBuildFile; fileRef = 75D980F61BF286FD004C938A /* LaunchScreen.storyboard */; };
		D2AE377B7FB76429E290E1EB /* Pods.framework in Frameworks */ = {isa = PBXBuildFile; fileRef = CAA7305E03A5A7BCA03A15C8 /* Pods.framework */; };
/* End PBXBuildFile section */

/* Begin PBXFileReference section */
		751500DE1BF2979A00680714 /* GithubAPI.swift */ = {isa = PBXFileReference; fileEncoding = 4; lastKnownFileType = sourcecode.swift; path = GithubAPI.swift; sourceTree = "<group>"; };
		751500E01BF2989A00680714 /* Siesta+SwiftyJSON.swift */ = {isa = PBXFileReference; fileEncoding = 4; lastKnownFileType = sourcecode.swift; name = "Siesta+SwiftyJSON.swift"; path = "Model/Siesta+SwiftyJSON.swift"; sourceTree = "<group>"; };
		751500E41BF2A0EF00680714 /* Siesta+ModelContentAccessors.swift */ = {isa = PBXFileReference; fileEncoding = 4; lastKnownFileType = sourcecode.swift; name = "Siesta+ModelContentAccessors.swift"; path = "Model/Siesta+ModelContentAccessors.swift"; sourceTree = "<group>"; };
		75B17C161BF28C92009895E6 /* TableViewController.swift */ = {isa = PBXFileReference; fileEncoding = 4; lastKnownFileType = sourcecode.swift; name = TableViewController.swift; path = Controller/TableViewController.swift; sourceTree = "<group>"; };
		75B17C171BF28C92009895E6 /* DetailViewController.swift */ = {isa = PBXFileReference; fileEncoding = 4; lastKnownFileType = sourcecode.swift; name = DetailViewController.swift; path = Controller/DetailViewController.swift; sourceTree = "<group>"; };
		75B17C1A1BF28D40009895E6 /* GitHubAPI.swift */ = {isa = PBXFileReference; fileEncoding = 4; lastKnownFileType = sourcecode.swift; name = GitHubAPI.swift; path = Model/GitHubAPI.swift; sourceTree = "<group>"; };
		75D980EA1BF286FD004C938A /* SiestaRealmIntegration.app */ = {isa = PBXFileReference; explicitFileType = wrapper.application; includeInIndex = 0; path = SiestaRealmIntegration.app; sourceTree = BUILT_PRODUCTS_DIR; };
		75D980ED1BF286FD004C938A /* AppDelegate.swift */ = {isa = PBXFileReference; lastKnownFileType = sourcecode.swift; path = AppDelegate.swift; sourceTree = "<group>"; };
		75D980F21BF286FD004C938A /* Base */ = {isa = PBXFileReference; lastKnownFileType = file.storyboard; name = Base; path = Base.lproj/Main.storyboard; sourceTree = "<group>"; };
		75D980F41BF286FD004C938A /* Assets.xcassets */ = {isa = PBXFileReference; lastKnownFileType = folder.assetcatalog; path = Assets.xcassets; sourceTree = "<group>"; };
		75D980F71BF286FD004C938A /* Base */ = {isa = PBXFileReference; lastKnownFileType = file.storyboard; name = Base; path = Base.lproj/LaunchScreen.storyboard; sourceTree = "<group>"; };
		75D980F91BF286FD004C938A /* Info.plist */ = {isa = PBXFileReference; lastKnownFileType = text.plist.xml; path = Info.plist; sourceTree = "<group>"; };
		8A58A483DCD4380798028290 /* Pods.release.xcconfig */ = {isa = PBXFileReference; includeInIndex = 1; lastKnownFileType = text.xcconfig; name = Pods.release.xcconfig; path = "Pods/Target Support Files/Pods/Pods.release.xcconfig"; sourceTree = "<group>"; };
		AE551544A659863C492761A4 /* Pods.debug.xcconfig */ = {isa = PBXFileReference; includeInIndex = 1; lastKnownFileType = text.xcconfig; name = Pods.debug.xcconfig; path = "Pods/Target Support Files/Pods/Pods.debug.xcconfig"; sourceTree = "<group>"; };
		CAA7305E03A5A7BCA03A15C8 /* Pods.framework */ = {isa = PBXFileReference; explicitFileType = wrapper.framework; includeInIndex = 0; path = Pods.framework; sourceTree = BUILT_PRODUCTS_DIR; };
/* End PBXFileReference section */

/* Begin PBXFrameworksBuildPhase section */
		75D980E71BF286FD004C938A /* Frameworks */ = {
			isa = PBXFrameworksBuildPhase;
			buildActionMask = 2147483647;
			files = (
				D2AE377B7FB76429E290E1EB /* Pods.framework in Frameworks */,
			);
			runOnlyForDeploymentPostprocessing = 0;
		};
/* End PBXFrameworksBuildPhase section */

/* Begin PBXGroup section */
		72BA428F136220B1C029B41A /* Pods */ = {
			isa = PBXGroup;
			children = (
				AE551544A659863C492761A4 /* Pods.debug.xcconfig */,
				8A58A483DCD4380798028290 /* Pods.release.xcconfig */,
			);
			name = Pods;
			sourceTree = "<group>";
		};
		75D980E11BF286FD004C938A = {
			isa = PBXGroup;
			children = (
				75D980EC1BF286FD004C938A /* SiestaRealmIntegration */,
				75D980EB1BF286FD004C938A /* Products */,
				72BA428F136220B1C029B41A /* Pods */,
				C24713736CB5F822C5FBCCF4 /* Frameworks */,
			);
			sourceTree = "<group>";
		};
		75D980EB1BF286FD004C938A /* Products */ = {
			isa = PBXGroup;
			children = (
				75D980EA1BF286FD004C938A /* SiestaRealmIntegration.app */,
			);
			name = Products;
			sourceTree = "<group>";
		};
		75D980EC1BF286FD004C938A /* SiestaRealmIntegration */ = {
			isa = PBXGroup;
			children = (
				75D981011BF28757004C938A /* Model */,
				75D981001BF28751004C938A /* View */,
				75D980FF1BF28741004C938A /* Controller */,
				75D980ED1BF286FD004C938A /* AppDelegate.swift */,
				75D980F11BF286FD004C938A /* Main.storyboard */,
				75D980F41BF286FD004C938A /* Assets.xcassets */,
				75D980F61BF286FD004C938A /* LaunchScreen.storyboard */,
				75D980F91BF286FD004C938A /* Info.plist */,
			);
			path = SiestaRealmIntegration;
			sourceTree = "<group>";
		};
		75D980FF1BF28741004C938A /* Controller */ = {
			isa = PBXGroup;
			children = (
				75B17C161BF28C92009895E6 /* TableViewController.swift */,
				75B17C171BF28C92009895E6 /* DetailViewController.swift */,
			);
			name = Controller;
			sourceTree = "<group>";
		};
		75D981001BF28751004C938A /* View */ = {
			isa = PBXGroup;
			children = (
			);
			name = View;
			sourceTree = "<group>";
		};
		75D981011BF28757004C938A /* Model */ = {
			isa = PBXGroup;
			children = (
				75B17C1A1BF28D40009895E6 /* GitHubAPI.swift */,
				751500E41BF2A0EF00680714 /* Siesta+ModelContentAccessors.swift */,
				751500E01BF2989A00680714 /* Siesta+SwiftyJSON.swift */,
				751500DE1BF2979A00680714 /* GithubAPI.swift */,
			);
			name = Model;
			sourceTree = "<group>";
		};
		C24713736CB5F822C5FBCCF4 /* Frameworks */ = {
			isa = PBXGroup;
			children = (
				CAA7305E03A5A7BCA03A15C8 /* Pods.framework */,
			);
			name = Frameworks;
			sourceTree = "<group>";
		};
/* End PBXGroup section */

/* Begin PBXNativeTarget section */
		75D980E91BF286FD004C938A /* SiestaRealmIntegration */ = {
			isa = PBXNativeTarget;
			buildConfigurationList = 75D980FC1BF286FD004C938A /* Build configuration list for PBXNativeTarget "SiestaRealmIntegration" */;
			buildPhases = (
				D420DACC370878083C91D296 /* Check Pods Manifest.lock */,
				75D980E61BF286FD004C938A /* Sources */,
				75D980E71BF286FD004C938A /* Frameworks */,
				75D980E81BF286FD004C938A /* Resources */,
				29A53CB752DE2EAE2D8F4E1F /* Embed Pods Frameworks */,
				4A77CF2CC0D0C27E0FF76D4E /* Copy Pods Resources */,
			);
			buildRules = (
			);
			dependencies = (
			);
			name = SiestaRealmIntegration;
			productName = SiestaRealmIntegration;
			productReference = 75D980EA1BF286FD004C938A /* SiestaRealmIntegration.app */;
			productType = "com.apple.product-type.application";
		};
/* End PBXNativeTarget section */

/* Begin PBXProject section */
		75D980E21BF286FD004C938A /* Project object */ = {
			isa = PBXProject;
			attributes = {
				LastSwiftUpdateCheck = 0710;
				LastUpgradeCheck = 0710;
				ORGANIZATIONNAME = "Health Catalyst";
				TargetAttributes = {
					75D980E91BF286FD004C938A = {
						CreatedOnToolsVersion = 7.1;
					};
				};
			};
			buildConfigurationList = 75D980E51BF286FD004C938A /* Build configuration list for PBXProject "SiestaRealmIntegration" */;
			compatibilityVersion = "Xcode 3.2";
			developmentRegion = English;
			hasScannedForEncodings = 0;
			knownRegions = (
				en,
				Base,
			);
			mainGroup = 75D980E11BF286FD004C938A;
			productRefGroup = 75D980EB1BF286FD004C938A /* Products */;
			projectDirPath = "";
			projectRoot = "";
			targets = (
				75D980E91BF286FD004C938A /* SiestaRealmIntegration */,
			);
		};
/* End PBXProject section */

/* Begin PBXResourcesBuildPhase section */
		75D980E81BF286FD004C938A /* Resources */ = {
			isa = PBXResourcesBuildPhase;
			buildActionMask = 2147483647;
			files = (
				75D980F81BF286FD004C938A /* LaunchScreen.storyboard in Resources */,
				75D980F51BF286FD004C938A /* Assets.xcassets in Resources */,
				75D980F31BF286FD004C938A /* Main.storyboard in Resources */,
			);
			runOnlyForDeploymentPostprocessing = 0;
		};
/* End PBXResourcesBuildPhase section */

/* Begin PBXShellScriptBuildPhase section */
		29A53CB752DE2EAE2D8F4E1F /* Embed Pods Frameworks */ = {
			isa = PBXShellScriptBuildPhase;
			buildActionMask = 2147483647;
			files = (
			);
			inputPaths = (
			);
			name = "Embed Pods Frameworks";
			outputPaths = (
			);
			runOnlyForDeploymentPostprocessing = 0;
			shellPath = /bin/sh;
			shellScript = "\"${SRCROOT}/Pods/Target Support Files/Pods/Pods-frameworks.sh\"\n";
			showEnvVarsInLog = 0;
		};
		4A77CF2CC0D0C27E0FF76D4E /* Copy Pods Resources */ = {
			isa = PBXShellScriptBuildPhase;
			buildActionMask = 2147483647;
			files = (
			);
			inputPaths = (
			);
			name = "Copy Pods Resources";
			outputPaths = (
			);
			runOnlyForDeploymentPostprocessing = 0;
			shellPath = /bin/sh;
			shellScript = "\"${SRCROOT}/Pods/Target Support Files/Pods/Pods-resources.sh\"\n";
			showEnvVarsInLog = 0;
		};
		D420DACC370878083C91D296 /* Check Pods Manifest.lock */ = {
			isa = PBXShellScriptBuildPhase;
			buildActionMask = 2147483647;
			files = (
			);
			inputPaths = (
			);
			name = "Check Pods Manifest.lock";
			outputPaths = (
			);
			runOnlyForDeploymentPostprocessing = 0;
			shellPath = /bin/sh;
			shellScript = "diff \"${PODS_ROOT}/../Podfile.lock\" \"${PODS_ROOT}/Manifest.lock\" > /dev/null\nif [[ $? != 0 ]] ; then\n    cat << EOM\nerror: The sandbox is not in sync with the Podfile.lock. Run 'pod install' or update your CocoaPods installation.\nEOM\n    exit 1\nfi\n";
			showEnvVarsInLog = 0;
		};
/* End PBXShellScriptBuildPhase section */

/* Begin PBXSourcesBuildPhase section */
		75D980E61BF286FD004C938A /* Sources */ = {
			isa = PBXSourcesBuildPhase;
			buildActionMask = 2147483647;
			files = (
				75B17C181BF28C92009895E6 /* TableViewController.swift in Sources */,
				751500DF1BF2979A00680714 /* GithubAPI.swift in Sources */,
				75D980EE1BF286FD004C938A /* AppDelegate.swift in Sources */,
				75B17C1B1BF28D40009895E6 /* GitHubAPI.swift in Sources */,
				751500E11BF2989A00680714 /* Siesta+SwiftyJSON.swift in Sources */,
				75B17C191BF28C92009895E6 /* DetailViewController.swift in Sources */,
				751500E51BF2A0EF00680714 /* Siesta+ModelContentAccessors.swift in Sources */,
			);
			runOnlyForDeploymentPostprocessing = 0;
		};
/* End PBXSourcesBuildPhase section */

/* Begin PBXVariantGroup section */
		75D980F11BF286FD004C938A /* Main.storyboard */ = {
			isa = PBXVariantGroup;
			children = (
				75D980F21BF286FD004C938A /* Base */,
			);
			name = Main.storyboard;
			sourceTree = "<group>";
		};
		75D980F61BF286FD004C938A /* LaunchScreen.storyboard */ = {
			isa = PBXVariantGroup;
			children = (
				75D980F71BF286FD004C938A /* Base */,
			);
			name = LaunchScreen.storyboard;
			sourceTree = "<group>";
		};
/* End PBXVariantGroup section */

/* Begin XCBuildConfiguration section */
		75D980FA1BF286FD004C938A /* Debug */ = {
			isa = XCBuildConfiguration;
			buildSettings = {
				ALWAYS_SEARCH_USER_PATHS = NO;
				CLANG_CXX_LANGUAGE_STANDARD = "gnu++0x";
				CLANG_CXX_LIBRARY = "libc++";
				CLANG_ENABLE_MODULES = YES;
				CLANG_ENABLE_OBJC_ARC = YES;
				CLANG_WARN_BOOL_CONVERSION = YES;
				CLANG_WARN_CONSTANT_CONVERSION = YES;
				CLANG_WARN_DIRECT_OBJC_ISA_USAGE = YES_ERROR;
				CLANG_WARN_EMPTY_BODY = YES;
				CLANG_WARN_ENUM_CONVERSION = YES;
				CLANG_WARN_INT_CONVERSION = YES;
				CLANG_WARN_OBJC_ROOT_CLASS = YES_ERROR;
				CLANG_WARN_UNREACHABLE_CODE = YES;
				CLANG_WARN__DUPLICATE_METHOD_MATCH = YES;
				"CODE_SIGN_IDENTITY[sdk=iphoneos*]" = "iPhone Developer";
				COPY_PHASE_STRIP = NO;
				DEBUG_INFORMATION_FORMAT = dwarf;
				ENABLE_STRICT_OBJC_MSGSEND = YES;
				ENABLE_TESTABILITY = YES;
				GCC_C_LANGUAGE_STANDARD = gnu99;
				GCC_DYNAMIC_NO_PIC = NO;
				GCC_NO_COMMON_BLOCKS = YES;
				GCC_OPTIMIZATION_LEVEL = 0;
				GCC_PREPROCESSOR_DEFINITIONS = (
					"DEBUG=1",
					"$(inherited)",
				);
				GCC_WARN_64_TO_32_BIT_CONVERSION = YES;
				GCC_WARN_ABOUT_RETURN_TYPE = YES_ERROR;
				GCC_WARN_UNDECLARED_SELECTOR = YES;
				GCC_WARN_UNINITIALIZED_AUTOS = YES_AGGRESSIVE;
				GCC_WARN_UNUSED_FUNCTION = YES;
				GCC_WARN_UNUSED_VARIABLE = YES;
				IPHONEOS_DEPLOYMENT_TARGET = 9.1;
				MTL_ENABLE_DEBUG_INFO = YES;
				ONLY_ACTIVE_ARCH = YES;
				SDKROOT = iphoneos;
				SWIFT_OPTIMIZATION_LEVEL = "-Onone";
			};
			name = Debug;
		};
		75D980FB1BF286FD004C938A /* Release */ = {
			isa = XCBuildConfiguration;
			buildSettings = {
				ALWAYS_SEARCH_USER_PATHS = NO;
				CLANG_CXX_LANGUAGE_STANDARD = "gnu++0x";
				CLANG_CXX_LIBRARY = "libc++";
				CLANG_ENABLE_MODULES = YES;
				CLANG_ENABLE_OBJC_ARC = YES;
				CLANG_WARN_BOOL_CONVERSION = YES;
				CLANG_WARN_CONSTANT_CONVERSION = YES;
				CLANG_WARN_DIRECT_OBJC_ISA_USAGE = YES_ERROR;
				CLANG_WARN_EMPTY_BODY = YES;
				CLANG_WARN_ENUM_CONVERSION = YES;
				CLANG_WARN_INT_CONVERSION = YES;
				CLANG_WARN_OBJC_ROOT_CLASS = YES_ERROR;
				CLANG_WARN_UNREACHABLE_CODE = YES;
				CLANG_WARN__DUPLICATE_METHOD_MATCH = YES;
				"CODE_SIGN_IDENTITY[sdk=iphoneos*]" = "iPhone Developer";
				COPY_PHASE_STRIP = NO;
				DEBUG_INFORMATION_FORMAT = "dwarf-with-dsym";
				ENABLE_NS_ASSERTIONS = NO;
				ENABLE_STRICT_OBJC_MSGSEND = YES;
				GCC_C_LANGUAGE_STANDARD = gnu99;
				GCC_NO_COMMON_BLOCKS = YES;
				GCC_WARN_64_TO_32_BIT_CONVERSION = YES;
				GCC_WARN_ABOUT_RETURN_TYPE = YES_ERROR;
				GCC_WARN_UNDECLARED_SELECTOR = YES;
				GCC_WARN_UNINITIALIZED_AUTOS = YES_AGGRESSIVE;
				GCC_WARN_UNUSED_FUNCTION = YES;
				GCC_WARN_UNUSED_VARIABLE = YES;
				IPHONEOS_DEPLOYMENT_TARGET = 9.1;
				MTL_ENABLE_DEBUG_INFO = NO;
				SDKROOT = iphoneos;
				VALIDATE_PRODUCT = YES;
			};
			name = Release;
		};
		75D980FD1BF286FD004C938A /* Debug */ = {
			isa = XCBuildConfiguration;
			baseConfigurationReference = AE551544A659863C492761A4 /* Pods.debug.xcconfig */;
			buildSettings = {
				ASSETCATALOG_COMPILER_APPICON_NAME = AppIcon;
				INFOPLIST_FILE = SiestaRealmIntegration/Info.plist;
				LD_RUNPATH_SEARCH_PATHS = "$(inherited) @executable_path/Frameworks";
				PRODUCT_BUNDLE_IDENTIFIER = com.healthcatalyst.SiestaRealmIntegration;
				PRODUCT_NAME = "$(TARGET_NAME)";
			};
			name = Debug;
		};
		75D980FE1BF286FD004C938A /* Release */ = {
			isa = XCBuildConfiguration;
			baseConfigurationReference = 8A58A483DCD4380798028290 /* Pods.release.xcconfig */;
			buildSettings = {
				ASSETCATALOG_COMPILER_APPICON_NAME = AppIcon;
				INFOPLIST_FILE = SiestaRealmIntegration/Info.plist;
				LD_RUNPATH_SEARCH_PATHS = "$(inherited) @executable_path/Frameworks";
				PRODUCT_BUNDLE_IDENTIFIER = com.healthcatalyst.SiestaRealmIntegration;
				PRODUCT_NAME = "$(TARGET_NAME)";
			};
			name = Release;
		};
/* End XCBuildConfiguration section */

/* Begin XCConfigurationList section */
		75D980E51BF286FD004C938A /* Build configuration list for PBXProject "SiestaRealmIntegration" */ = {
			isa = XCConfigurationList;
			buildConfigurations = (
				75D980FA1BF286FD004C938A /* Debug */,
				75D980FB1BF286FD004C938A /* Release */,
			);
			defaultConfigurationIsVisible = 0;
			defaultConfigurationName = Release;
		};
		75D980FC1BF286FD004C938A /* Build configuration list for PBXNativeTarget "SiestaRealmIntegration" */ = {
			isa = XCConfigurationList;
			buildConfigurations = (
				75D980FD1BF286FD004C938A /* Debug */,
				75D980FE1BF286FD004C938A /* Release */,
			);
			defaultConfigurationIsVisible = 0;
			defaultConfigurationName = Release;
		};
/* End XCConfigurationList section */
	};
	rootObject = 75D980E21BF286FD004C938A /* Project object */;
}
